github.com/davidsneighbour/hugo-modules/modules/auditor v1.2024.21 h1:VBujqstuQRYnMYsbvLSGwgEtCK3gXmja+Tr0BmfOCtk=
github.com/davidsneighbour/hugo-modules/modules/auditor v1.2024.21/go.mod h1:Zjhg0WuSFxQcwAcIzaNO46K+sRyMyeb+Wwk7G+tytKc=
github.com/davidsneighbour/hugo-modules/modules/debug v1.2024.31 h1:7CEHlnKq37gi+W9ICjh/lDdijkjqqRQmwWuup4tejUg=
github.com/davidsneighbour/hugo-modules/modules/debug v1.2024.31/go.mod h1:Et6m2/o2telJ6RTq4PWoTiOOyzKM486y4rJFZS1mHv0=
github.com/davidsneighbour/hugo-modules/modules/feeds v1.2024.14 h1:kwbzJ8YeS5u46CuFOWtiR6lOm4wF1yhKZKp18v4K0ro=
github.com/davidsneighbour/hugo-modules/modules/feeds v1.2024.14/go.mod h1:4zRoqqOOImX79bXAcJHHRUxFq/mSj+Dqvl6Sqo6RRNU=
github.com/davidsneighbour/hugo-modules/modules/functions v1.2024.23 h1:c79be5SasSHYfhogpD8k9ia52qGaLqcSyk8SVogcT4g=
github.com/davidsneighbour/hugo-modules/modules/functions v1.2024.23/go.mod h1:y7hfQJQUUQNeOtprPVvfLp82KhwsS1ZuxU7/bEE6u1w=
github.com/davidsneighbour/hugo-modules/modules/giscus v1.2024.5 h1:8gAIj+x+hsTWk4d/LaUtM+EvkoxQxUXZ4ljtohtNZGc=
github.com/davidsneighbour/hugo-modules/modules/giscus v1.2024.5/go.mod h1:F4PJUjhwfl1GzpoHeups4V5KQcbGIvqzgpROFrGrhCo=
github.com/davidsneighbour/hugo-modules/modules/head v1.2024.21 h1:MbUTrJPddNX+HBsr18L9qm+RRUecSevg2pL46Xqvo9I=
github.com/davidsneighbour/hugo-modules/modules/head v1.2024.21/go.mod h1:HjG4xdcj36NterxtRihHn3XoEuIdI48t5pwKlpUoINQ=
github.com/davidsneighbour/hugo-modules/modules/headerimage v1.2024.3 h1:ls8OVIG1I94ukUecyZQaIr8FHd8YT9ZYK8aCwT+6oSA=
github.com/davidsneighbour/hugo-modules/modules/headerimage v1.2024.3/go.mod h1:id7S/4Hoj6i23VNGxJnNjsjCHs8SxVN6QboafiL6dXY=
github.com/davidsneighbour/hugo-modules/modules/hooks v1.2024.14 h1:vFo0PmHkTrt1dqBlWw/rKDAM8Mov4YWX37K66akSZ2w=
github.com/davidsneighbour/hugo-modules/modules/hooks v1.2024.14/go.mod h1:KJfaYDuTYL4mGeO7X7H2aC24cDRs3k+82Vnfz2UeDU0=
github.com/davidsneighbour/hugo-modules/modules/icons v1.2024.14 h1:+izylExqnCe2vt2ZeAy4h4opAfE1BalOf0ak2/hrgpk=
github.com/davidsneighbour/hugo-modules/modules/icons v1.2024.14/go.mod h1:qm6UA/ZN2AfXwz0JIQsjyTALmfiZxtcSnrwcLsKtiz4=
github.com/davidsneighbour/hugo-modules/modules/modder v1.2024.5 h1:zY1VFgfLHMREM7otN/cXM91bU9HSE+a9S+vLhNgflfI=
github.com/davidsneighbour/hugo-modules/modules/modder v1.2024.5/go.mod h1:pf5St0mlfEsYYt5K+1n4BqrqkbVZkEAhxjvYu9sc+zU=
github.com/davidsneighbour/hugo-modules/modules/netlification v1.2024.9 h1:C7l22Cr1bAjk93zOAG8UpTnqi3DTx9V0aHx8Xp4LXVc=
github.com/davidsneighbour/hugo-modules/modules/netlification v1.2024.9/go.mod h1:5ewL7ZhqJAioSM8nSHWWMKfm3MnNz9klX/JdOzZAxvY=
github.com/davidsneighbour/hugo-modules/modules/opensearch v1.2024.4 h1:ok98pvGG//pkI4H+XaGZQRJZ9CR3BbqFUi/DldQQk3k=
github.com/davidsneighbour/hugo-modules/modules/opensearch v1.2024.4/go.mod h1:XmxFP1dqNoiLxL0hUFs8udbtG3qgSzZDFRQSDg5pGDs=
github.com/davidsneighbour/hugo-modules/modules/pictures v1.2024.11 h1:edxh+3p4zeA35wbO6mOeluQ6BYhuT/tnVDEiSit75n8=
github.com/davidsneighbour/hugo-modules/modules/pictures v1.2024.11/go.mod h1:wHveSSBmVY6BKY2fsBC+0S1rjDIa66CJh9tWkngvBhw=
github.com/davidsneighbour/hugo-modules/modules/publisher v1.2024.2 h1:3cZOz87cx9HEOX3rTlSBKeZIRdtXxhEUQgr8JwB/Awk=
github.com/davidsneighbour/hugo-modules/modules/publisher v1.2024.2/go.mod h1:CE+KzNh9eIMZYoZPXeTP/CtvLYIbAsCq+UWTZWsGBk4=
github.com/davidsneighbour/hugo-modules/modules/pwa v1.2024.11 h1:901MnAY/3m8vuPaHeraRnCcmM10tNyEtoKbWbpnOd9o=
github.com/davidsneighbour/hugo-modules/modules/pwa v1.2024.11/go.mod h1:6Y3rgFshwx52N3SSJfDn+xxkKU7uH0QrhWPIYuQpPmU=
github.com/davidsneighbour/hugo-modules/modules/renderhooks v1.2024.19 h1:S/iHjd0gmYJKPs6AlIOu2Kb7aC8nEOKP80ezkCPOob0=
github.com/davidsneighbour/hugo-modules/modules/renderhooks v1.2024.19/go.mod h1:hJKaduN/zO1Fekx3ouydAr80DZRRlG7I7zjZZDJvqNs=
github.com/davidsneighbour/hugo-modules/modules/robots v1.2024.9 h1:qbWtTIPXX+sbIi4pLZTvzSlFdOVkXu1w9Z0D7cgDcqA=
github.com/davidsneighbour/hugo-modules/modules/robots v1.2024.9/go.mod h1:g5vOSsvyZOfZde3BB2GxHWHvipnfbAoWUj/xPTW9Czg=
github.com/davidsneighbour/hugo-modules/modules/schema v1.2024.2 h1:ze7xaAdA498xg09/WvfwCvQErpAmx+d/NnU1FXWpLXQ=
github.com/davidsneighbour/hugo-modules/modules/schema v1.2024.2/go.mod h1:wrw9k+WtwgzbOHBk5DvBy4WUB1AY2YAgpdrDWO0oWUk=
github.com/davidsneighbour/hugo-modules/modules/security v1.2024.3 h1:mxvSVxvTdR+2uDhs72y2J5hd1DwnvAfzgZX7dGT7Uqs=
github.com/davidsneighbour/hugo-modules/modules/security v1.2024.3/go.mod h1:F0q9Gy4c+4MmZDmNaqPSpL79bLjWrJFUnNam4QHMMmg=
github.com/davidsneighbour/hugo-modules/modules/shortcodes v1.2024.6 h1:D+hRqOeQt17FSIkRgKQcZqjX8rr5EPfY4xDg8LxwkKE=
github.com/davidsneighbour/hugo-modules/modules/shortcodes v1.2024.6/go.mod h1:DwYSv5Lnx6UsCN47gLsWUIwhcSm63S65TBDEF2hrp3A=
github.com/davidsneighbour/hugo-modules/modules/sitemap v1.2024.12 h1:SGj9JqOQSy175XkvsDIL1AoZ8lRftnuAncoNvTizl5s=
github.com/davidsneighbour/hugo-modules/modules/sitemap v1.2024.12/go.mod h1:qpCcVaaPTn1zv4k+eW0iFsiozxlBxcZgaoMRf2yVOWg=
github.com/davidsneighbour/hugo-modules/modules/social v1.2024.4 h1:wkSMDHKb5uIJHIHR+MM00kyGKhs8zh4SNa8P//2PGwg=
github.com/davidsneighbour/hugo-modules/modules/social v1.2024.4/go.mod h1:b85Wf3S/Qya/5omIZ84y7s/q72uQ1J9gGU7BESfJCpM=
github.com/davidsneighbour/hugo-modules/modules/youtube v1.2024.12 h1:h1al/cS3MK6+MO1GMR3emma7hlwOAgh+ruP7gpfa5V4=
github.com/davidsneighbour/hugo-modules/modules/youtube v1.2024.12/go.mod h1:tLhxNkoZWLQcxQNcyZrkCYEXSskWCNcm0iVAV+xGvMY=
